GEM
  remote: https://rubygems.org/
  specs:
    addressable (2.9.0)
      public_suffix (>= 2.0.2, < 8.0)
    childprocess (5.1.0)
      logger (~> 1.5)
    curses (1.6.0)
    launchy (3.1.1)
      addressable (~> 2.8)
      childprocess (~> 5.0)
      logger (~> 1.6)
    logger (1.7.0)
    public_suffix (7.0.5)

PLATFORMS
  arm64-darwin-25
  ruby

DEPENDENCIES
  curses (~> 1.6)
  launchy (~> 3.0)

CHECKSUMS
  addressable (2.9.0) sha256=7fdf6ac3660f7f4e867a0838be3f6cf722ace541dd97767fa42bc6cfa980c7af
  childprocess (5.1.0) sha256=9a8d484be2fd4096a0e90a0cd3e449a05bc3aa33f8ac9e4d6dcef6ac1455b6ec
  curses (1.6.0) sha256=26cf27fd523ad0f4bc00a9c05f0fe9ccb1dfcc1a8521c739fe14c8f6e34078e2
  launchy (3.1.1) sha256=72b847b5cc961589dde2c395af0108c86ff0119f42d4648d25b5440ebb10059e
  logger (1.7.0) sha256=196edec7cc44b66cfb40f9755ce11b392f21f7967696af15d274dde7edff0203
  public_suffix (7.0.5) sha256=1a8bb08f1bbea19228d3bed6e5ed908d1cb4f7c2726d18bd9cadf60bc676f623

RUBY VERSION
  ruby 4.0.3

BUNDLED WITH
  4.0.10
